
Microsoft Visual Studio Solution File, Format Version 12.00
# Visual Studio Version 16
VisualStudioVersion = 16.0.31129.286
MinimumVisualStudioVersion = 10.0.40219.1
Project("{FAE04EC0-301F-11D3-BF4B-00C04F79EFBC}") = "Test_ConsoleDNCApp_ForGit", "Test_ConsoleDNCApp_ForGit\Test_ConsoleDNCApp_ForGit.csproj", "{6A73CF2A-FA8C-4E39-8359-1ABAF9C63462}"
EndProject
Global
	GlobalSection(SolutionConfigurationPlatforms) = preSolution
		Debug|Any CPU = Debug|Any CPU
		Release|Any CPU = Release|Any CPU
	EndGlobalSection
	GlobalSection(ProjectConfigurationPlatforms) = postSolution
		{6A73CF2A-FA8C-4E39-8359-1ABAF9C63462}.Debug|Any CPU.ActiveCfg = Debug|Any CPU
		{6A73CF2A-FA8C-4E39-8359-1ABAF9C63462}.Debug|Any CPU.Build.0 = Debug|Any CPU
		{6A73CF2A-FA8C-4E39-8359-1ABAF9C63462}.Release|Any CPU.ActiveCfg = Release|Any CPU
		{6A73CF2A-FA8C-4E39-8359-1ABAF9C63462}.Release|Any CPU.Build.0 = Release|Any CPU
	EndGlobalSection
	GlobalSection(SolutionProperties) = preSolution
		HideSolutionNode = FALSE
	EndGlobalSection
	GlobalSection(ExtensibilityGlobals) = postSolution
		SolutionGuid = {FD0689D2-1B35-4383-830E-7F8CD546026C}
	EndGlobalSection
EndGlobal
